
Microsoft Visual Studio Solution File, Format Version 12.00
# Visual Studio Version 17
VisualStudioVersion = 17.0.31903.59
MinimumVisualStudioVersion = 10.0.40219.1
Project("{FAE04EC0-301F-11D3-BF4B-00C04F79EFBC}") = "ChitChatApp.Core", "ChitChatApp.Core\ChitChatApp.Core.csproj", "{4C10634A-B899-4B27-AF8C-F56BE842A836}"
EndProject
Project("{FAE04EC0-301F-11D3-BF4B-00C04F79EFBC}") = "ChitChatApp.Share", "ChitChatApp.Share\ChitChatApp.Share.csproj", "{ECE63E21-4A4D-4A82-8675-EB8CF386037E}"
EndProject
Project("{FAE04EC0-301F-11D3-BF4B-00C04F79EFBC}") = "ChitChatApp.AvaloniaUI", "ChitChatApp.AvaloniaUI\ChitChatApp.AvaloniaUI.csproj", "{64158EC3-200B-466E-B6BF-C45752C921FB}"
EndProject
Project("{FAE04EC0-301F-11D3-BF4B-00C04F79EFBC}") = "ChitChatApp.Blazor", "ChitChatApp.Blazor\ChitChatApp.Blazor.csproj", "{C4936E50-F621-4FFE-9569-387DC9C7DF84}"
EndProject
Global
	GlobalSection(SolutionConfigurationPlatforms) = preSolution
		Debug|Any CPU = Debug|Any CPU
		Debug|x64 = Debug|x64
		Debug|x86 = Debug|x86
		Release|Any CPU = Release|Any CPU
		Release|x64 = Release|x64
		Release|x86 = Release|x86
	EndGlobalSection
	GlobalSection(ProjectConfigurationPlatforms) = postSolution
		{4C10634A-B899-4B27-AF8C-F56BE842A836}.Debug|Any CPU.ActiveCfg = Debug|Any CPU
		{4C10634A-B899-4B27-AF8C-F56BE842A836}.Debug|Any CPU.Build.0 = Debug|Any CPU
		{4C10634A-B899-4B27-AF8C-F56BE842A836}.Debug|x64.ActiveCfg = Debug|Any CPU
		{4C10634A-B899-4B27-AF8C-F56BE842A836}.Debug|x64.Build.0 = Debug|Any CPU
		{4C10634A-B899-4B27-AF8C-F56BE842A836}.Debug|x86.ActiveCfg = Debug|Any CPU
		{4C10634A-B899-4B27-AF8C-F56BE842A836}.Debug|x86.Build.0 = Debug|Any CPU
		{4C10634A-B899-4B27-AF8C-F56BE842A836}.Release|Any CPU.ActiveCfg = Release|Any CPU
		{4C10634A-B899-4B27-AF8C-F56BE842A836}.Release|Any CPU.Build.0 = Release|Any CPU
		{4C10634A-B899-4B27-AF8C-F56BE842A836}.Release|x64.ActiveCfg = Release|Any CPU
		{4C10634A-B899-4B27-AF8C-F56BE842A836}.Release|x64.Build.0 = Release|Any CPU
		{4C10634A-B899-4B27-AF8C-F56BE842A836}.Release|x86.ActiveCfg = Release|Any CPU
		{4C10634A-B899-4B27-AF8C-F56BE842A836}.Release|x86.Build.0 = Release|Any CPU
		{ECE63E21-4A4D-4A82-8675-EB8CF386037E}.Debug|Any CPU.ActiveCfg = Debug|Any CPU
		{ECE63E21-4A4D-4A82-8675-EB8CF386037E}.Debug|Any CPU.Build.0 = Debug|Any CPU
		{ECE63E21-4A4D-4A82-8675-EB8CF386037E}.Debug|x64.ActiveCfg = Debug|Any CPU
		{ECE63E21-4A4D-4A82-8675-EB8CF386037E}.Debug|x64.Build.0 = Debug|Any CPU
		{ECE63E21-4A4D-4A82-8675-EB8CF386037E}.Debug|x86.ActiveCfg = Debug|Any CPU
		{ECE63E21-4A4D-4A82-8675-EB8CF386037E}.Debug|x86.Build.0 = Debug|Any CPU
		{ECE63E21-4A4D-4A82-8675-EB8CF386037E}.Release|Any CPU.ActiveCfg = Release|Any CPU
		{ECE63E21-4A4D-4A82-8675-EB8CF386037E}.Release|Any CPU.Build.0 = Release|Any CPU
		{ECE63E21-4A4D-4A82-8675-EB8CF386037E}.Release|x64.ActiveCfg = Release|Any CPU
		{ECE63E21-4A4D-4A82-8675-EB8CF386037E}.Release|x64.Build.0 = Release|Any CPU
		{ECE63E21-4A4D-4A82-8675-EB8CF386037E}.Release|x86.ActiveCfg = Release|Any CPU
		{ECE63E21-4A4D-4A82-8675-EB8CF386037E}.Release|x86.Build.0 = Release|Any CPU
		{64158EC3-200B-466E-B6BF-C45752C921FB}.Debug|Any CPU.ActiveCfg = Debug|Any CPU
		{64158EC3-200B-466E-B6BF-C45752C921FB}.Debug|Any CPU.Build.0 = Debug|Any CPU
		{64158EC3-200B-466E-B6BF-C45752C921FB}.Debug|x64.ActiveCfg = Debug|Any CPU
		{64158EC3-200B-466E-B6BF-C45752C921FB}.Debug|x64.Build.0 = Debug|Any CPU
		{64158EC3-200B-466E-B6BF-C45752C921FB}.Debug|x86.ActiveCfg = Debug|Any CPU
		{64158EC3-200B-466E-B6BF-C45752C921FB}.Debug|x86.Build.0 = Debug|Any CPU
		{64158EC3-200B-466E-B6BF-C45752C921FB}.Release|Any CPU.ActiveCfg = Release|Any CPU
		{64158EC3-200B-466E-B6BF-C45752C921FB}.Release|Any CPU.Build.0 = Release|Any CPU
		{64158EC3-200B-466E-B6BF-C45752C921FB}.Release|x64.ActiveCfg = Release|Any CPU
		{64158EC3-200B-466E-B6BF-C45752C921FB}.Release|x64.Build.0 = Release|Any CPU
		{64158EC3-200B-466E-B6BF-C45752C921FB}.Release|x86.ActiveCfg = Release|Any CPU
		{64158EC3-200B-466E-B6BF-C45752C921FB}.Release|x86.Build.0 = Release|Any CPU
		{C4936E50-F621-4FFE-9569-387DC9C7DF84}.Debug|Any CPU.ActiveCfg = Debug|Any CPU
		{C4936E50-F621-4FFE-9569-387DC9C7DF84}.Debug|Any CPU.Build.0 = Debug|Any CPU
		{C4936E50-F621-4FFE-9569-387DC9C7DF84}.Debug|x64.ActiveCfg = Debug|Any CPU
		{C4936E50-F621-4FFE-9569-387DC9C7DF84}.Debug|x64.Build.0 = Debug|Any CPU
		{C4936E50-F621-4FFE-9569-387DC9C7DF84}.Debug|x86.ActiveCfg = Debug|Any CPU
		{C4936E50-F621-4FFE-9569-387DC9C7DF84}.Debug|x86.Build.0 = Debug|Any CPU
		{C4936E50-F621-4FFE-9569-387DC9C7DF84}.Release|Any CPU.ActiveCfg = Release|Any CPU
		{C4936E50-F621-4FFE-9569-387DC9C7DF84}.Release|Any CPU.Build.0 = Release|Any CPU
		{C4936E50-F621-4FFE-9569-387DC9C7DF84}.Release|x64.ActiveCfg = Release|Any CPU
		{C4936E50-F621-4FFE-9569-387DC9C7DF84}.Release|x64.Build.0 = Release|Any CPU
		{C4936E50-F621-4FFE-9569-387DC9C7DF84}.Release|x86.ActiveCfg = Release|Any CPU
		{C4936E50-F621-4FFE-9569-387DC9C7DF84}.Release|x86.Build.0 = Release|Any CPU
	EndGlobalSection
	GlobalSection(SolutionProperties) = preSolution
		HideSolutionNode = FALSE
	EndGlobalSection
EndGlobal
